
Microsoft Visual Studio Solution File, Format Version 12.00
# Visual Studio 14
VisualStudioVersion = 14.0.24720.0
MinimumVisualStudioVersion = 10.0.40219.1
Project("{FAE04EC0-301F-11D3-BF4B-00C04F79EFBC}") = "Phonebook", "Phonebook\Phonebook.csproj", "{A9BD19A2-2477-46BD-A154-46F610A5C890}"
EndProject
Project("{FAE04EC0-301F-11D3-BF4B-00C04F79EFBC}") = "Phonebook.Tests", "Phonebook.Tests\Phonebook.Tests.csproj", "{CF18C998-920D-42D3-BCBD-40B23C7D35DC}"
EndProject
Project("{FAE04EC0-301F-11D3-BF4B-00C04F79EFBC}") = "DBLayer", "DBLayer\DBLayer.csproj", "{7657D018-2B47-46F1-B1A7-849EE3DE8683}"
EndProject
Project("{FAE04EC0-301F-11D3-BF4B-00C04F79EFBC}") = "Services", "Services\Services.csproj", "{8A199F41-7553-4807-858A-0500BFE1C9C2}"
EndProject
Global
	GlobalSection(SolutionConfigurationPlatforms) = preSolution
		Debug|Any CPU = Debug|Any CPU
		Release|Any CPU = Release|Any CPU
	EndGlobalSection
	GlobalSection(ProjectConfigurationPlatforms) = postSolution
		{A9BD19A2-2477-46BD-A154-46F610A5C890}.Debug|Any CPU.ActiveCfg = Debug|Any CPU
		{A9BD19A2-2477-46BD-A154-46F610A5C890}.Debug|Any CPU.Build.0 = Debug|Any CPU
		{A9BD19A2-2477-46BD-A154-46F610A5C890}.Release|Any CPU.ActiveCfg = Release|Any CPU
		{A9BD19A2-2477-46BD-A154-46F610A5C890}.Release|Any CPU.Build.0 = Release|Any CPU
		{CF18C998-920D-42D3-BCBD-40B23C7D35DC}.Debug|Any CPU.ActiveCfg = Debug|Any CPU
		{CF18C998-920D-42D3-BCBD-40B23C7D35DC}.Debug|Any CPU.Build.0 = Debug|Any CPU
		{CF18C998-920D-42D3-BCBD-40B23C7D35DC}.Release|Any CPU.ActiveCfg = Release|Any CPU
		{CF18C998-920D-42D3-BCBD-40B23C7D35DC}.Release|Any CPU.Build.0 = Release|Any CPU
		{7657D018-2B47-46F1-B1A7-849EE3DE8683}.Debug|Any CPU.ActiveCfg = Debug|Any CPU
		{7657D018-2B47-46F1-B1A7-849EE3DE8683}.Debug|Any CPU.Build.0 = Debug|Any CPU
		{7657D018-2B47-46F1-B1A7-849EE3DE8683}.Release|Any CPU.ActiveCfg = Release|Any CPU
		{7657D018-2B47-46F1-B1A7-849EE3DE8683}.Release|Any CPU.Build.0 = Release|Any CPU
		{8A199F41-7553-4807-858A-0500BFE1C9C2}.Debug|Any CPU.ActiveCfg = Debug|Any CPU
		{8A199F41-7553-4807-858A-0500BFE1C9C2}.Debug|Any CPU.Build.0 = Debug|Any CPU
		{8A199F41-7553-4807-858A-0500BFE1C9C2}.Release|Any CPU.ActiveCfg = Release|Any CPU
		{8A199F41-7553-4807-858A-0500BFE1C9C2}.Release|Any CPU.Build.0 = Release|Any CPU
	EndGlobalSection
	GlobalSection(SolutionProperties) = preSolution
		HideSolutionNode = FALSE
	EndGlobalSection
EndGlobal
